// !$*UTF8*$!
{
	archiveVersion = 1;
	classes = {
	};
	objectVersion = 50;
	objects = {

/* Begin PBXBuildFile section */
		112BD3AD2561BA84000FBB5A /* GoogleService-Info.plist in Resources */ = {isa = PBXBuildFile; fileRef = 112BD3AC2561BA84000FBB5A /* GoogleService-Info.plist */; };
		115F45982560746F002260BF /* AppDelegate.swift in Sources */ = {isa = PBXBuildFile; fileRef = 115F45972560746F002260BF /* AppDelegate.swift */; };
		115F459A2560746F002260BF /* SceneDelegate.swift in Sources */ = {isa = PBXBuildFile; fileRef = 115F45992560746F002260BF /* SceneDelegate.swift */; };
		115F459F2560746F002260BF /* Main.storyboard in Resources */ = {isa = PBXBuildFile; fileRef = 115F459D2560746F002260BF /* Main.storyboard */; };
		115F45A125607470002260BF /* Assets.xcassets in Resources */ = {isa = PBXBuildFile; fileRef = 115F45A025607470002260BF /* Assets.xcassets */; };
		115F45A425607470002260BF /* LaunchScreen.storyboard in Resources */ = {isa = PBXBuildFile; fileRef = 115F45A225607470002260BF /* LaunchScreen.storyboard */; };
		115F45B125607750002260BF /* LoginViewController.swift in Sources */ = {isa = PBXBuildFile; fileRef = 115F45B025607750002260BF /* LoginViewController.swift */; };
		115F45B325607763002260BF /* CreateUserViewController.swift in Sources */ = {isa = PBXBuildFile; fileRef = 115F45B225607763002260BF /* CreateUserViewController.swift */; };
		115F45B52560777F002260BF /* PhotoViewerViewController.swift in Sources */ = {isa = PBXBuildFile; fileRef = 115F45B42560777F002260BF /* PhotoViewerViewController.swift */; };
		115F45B725607787002260BF /* VideoPlayerViewController.swift in Sources */ = {isa = PBXBuildFile; fileRef = 115F45B625607787002260BF /* VideoPlayerViewController.swift */; };
		115F45B925607798002260BF /* NewChatViewController.swift in Sources */ = {isa = PBXBuildFile; fileRef = 115F45B825607798002260BF /* NewChatViewController.swift */; };
		115F45BB256077B3002260BF /* ChatViewController.swift in Sources */ = {isa = PBXBuildFile; fileRef = 115F45BA256077B3002260BF /* ChatViewController.swift */; };
		115F45BD256077C1002260BF /* ProfileViewController.swift in Sources */ = {isa = PBXBuildFile; fileRef = 115F45BC256077C1002260BF /* ProfileViewController.swift */; };
		115F45C025609CBC002260BF /* Extensions.swift in Sources */ = {isa = PBXBuildFile; fileRef = 115F45BF25609CBC002260BF /* Extensions.swift */; };
		C717BA6EA179E1E213D5ACBE /* Pods_Intercom.framework in Frameworks */ = {isa = PBXBuildFile; fileRef = 48F30CE639E088FF56B25BA4 /* Pods_Intercom.framework */; };
/* End PBXBuildFile section */

/* Begin PBXFileReference section */
		112BD3AC2561BA84000FBB5A /* GoogleService-Info.plist */ = {isa = PBXFileReference; fileEncoding = 4; lastKnownFileType = text.plist.xml; path = "GoogleService-Info.plist"; sourceTree = "<group>"; };
		115F45942560746F002260BF /* Intercom.app */ = {isa = PBXFileReference; explicitFileType = wrapper.application; includeInIndex = 0; path = Intercom.app; sourceTree = BUILT_PRODUCTS_DIR; };
		115F45972560746F002260BF /* AppDelegate.swift */ = {isa = PBXFileReference; lastKnownFileType = sourcecode.swift; path = AppDelegate.swift; sourceTree = "<group>"; };
		115F45992560746F002260BF /* SceneDelegate.swift */ = {isa = PBXFileReference; lastKnownFileType = sourcecode.swift; path = SceneDelegate.swift; sourceTree = "<group>"; };
		115F459E2560746F002260BF /* Base */ = {isa = PBXFileReference; lastKnownFileType = file.storyboard; name = Base; path = Base.lproj/Main.storyboard; sourceTree = "<group>"; };
		115F45A025607470002260BF /* Assets.xcassets */ = {isa = PBXFileReference; lastKnownFileType = folder.assetcatalog; path = Assets.xcassets; sourceTree = "<group>"; };
		115F45A325607470002260BF /* Base */ = {isa = PBXFileReference; lastKnownFileType = file.storyboard; name = Base; path = Base.lproj/LaunchScreen.storyboard; sourceTree = "<group>"; };
		115F45A525607470002260BF /* Info.plist */ = {isa = PBXFileReference; lastKnownFileType = text.plist.xml; path = Info.plist; sourceTree = "<group>"; };
		115F45B025607750002260BF /* LoginViewController.swift */ = {isa = PBXFileReference; lastKnownFileType = sourcecode.swift; path = LoginViewController.swift; sourceTree = "<group>"; };
		115F45B225607763002260BF /* CreateUserViewController.swift */ = {isa = PBXFileReference; lastKnownFileType = sourcecode.swift; path = CreateUserViewController.swift; sourceTree = "<group>"; };
		115F45B42560777F002260BF /* PhotoViewerViewController.swift */ = {isa = PBXFileReference; lastKnownFileType = sourcecode.swift; path = PhotoViewerViewController.swift; sourceTree = "<group>"; };
		115F45B625607787002260BF /* VideoPlayerViewController.swift */ = {isa = PBXFileReference; lastKnownFileType = sourcecode.swift; path = VideoPlayerViewController.swift; sourceTree = "<group>"; };
		115F45B825607798002260BF /* NewChatViewController.swift */ = {isa = PBXFileReference; lastKnownFileType = sourcecode.swift; path = NewChatViewController.swift; sourceTree = "<group>"; };
		115F45BA256077B3002260BF /* ChatViewController.swift */ = {isa = PBXFileReference; lastKnownFileType = sourcecode.swift; path = ChatViewController.swift; sourceTree = "<group>"; };
		115F45BC256077C1002260BF /* ProfileViewController.swift */ = {isa = PBXFileReference; lastKnownFileType = sourcecode.swift; path = ProfileViewController.swift; sourceTree = "<group>"; };
		115F45BF25609CBC002260BF /* Extensions.swift */ = {isa = PBXFileReference; lastKnownFileType = sourcecode.swift; path = Extensions.swift; sourceTree = "<group>"; };
		48F30CE639E088FF56B25BA4 /* Pods_Intercom.framework */ = {isa = PBXFileReference; explicitFileType = wrapper.framework; includeInIndex = 0; path = Pods_Intercom.framework; sourceTree = BUILT_PRODUCTS_DIR; };
		6DBB80A339E39CBD12CC44B2 /* Pods-Intercom.debug.xcconfig */ = {isa = PBXFileReference; includeInIndex = 1; lastKnownFileType = text.xcconfig; name = "Pods-Intercom.debug.xcconfig"; path = "Target Support Files/Pods-Intercom/Pods-Intercom.debug.xcconfig"; sourceTree = "<group>"; };
		8C175CADA30CE29DA1906303 /* Pods-Intercom.release.xcconfig */ = {isa = PBXFileReference; includeInIndex = 1; lastKnownFileType = text.xcconfig; name = "Pods-Intercom.release.xcconfig"; path = "Target Support Files/Pods-Intercom/Pods-Intercom.release.xcconfig"; sourceTree = "<group>"; };
/* End PBXFileReference section */

/* Begin PBXFrameworksBuildPhase section */
		115F45912560746F002260BF /* Frameworks */ = {
			isa = PBXFrameworksBuildPhase;
			buildActionMask = 2147483647;
			files = (
				C717BA6EA179E1E213D5ACBE /* Pods_Intercom.framework in Frameworks */,
			);
			runOnlyForDeploymentPostprocessing = 0;
		};
/* End PBXFrameworksBuildPhase section */

/* Begin PBXGroup section */
		115F458B2560746F002260BF = {
			isa = PBXGroup;
			children = (
				115F45962560746F002260BF /* Intercom */,
				115F45952560746F002260BF /* Products */,
				63CACA62459BB242C776A16C /* Pods */,
				EC51748E458151184FD00961 /* Frameworks */,
			);
			sourceTree = "<group>";
		};
		115F45952560746F002260BF /* Products */ = {
			isa = PBXGroup;
			children = (
				115F45942560746F002260BF /* Intercom.app */,
			);
			name = Products;
			sourceTree = "<group>";
		};
		115F45962560746F002260BF /* Intercom */ = {
			isa = PBXGroup;
			children = (
				115F45972560746F002260BF /* AppDelegate.swift */,
				115F45992560746F002260BF /* SceneDelegate.swift */,
				115F45AB25607637002260BF /* Controllers */,
				115F45AD25607654002260BF /* Models */,
				115F45AF25607665002260BF /* Helpers */,
				115F45AE2560765E002260BF /* View Models */,
				115F45AC2560764D002260BF /* Views */,
				115F45A025607470002260BF /* Assets.xcassets */,
				115F45A525607470002260BF /* Info.plist */,
				112BD3AC2561BA84000FBB5A /* GoogleService-Info.plist */,
			);
			path = Intercom;
			sourceTree = "<group>";
		};
		115F45AB25607637002260BF /* Controllers */ = {
			isa = PBXGroup;
			children = (
				115F45BE25608C6D002260BF /* Authentication */,
				115F45B42560777F002260BF /* PhotoViewerViewController.swift */,
				115F45B625607787002260BF /* VideoPlayerViewController.swift */,
				115F45B825607798002260BF /* NewChatViewController.swift */,
				115F45BA256077B3002260BF /* ChatViewController.swift */,
				115F45BC256077C1002260BF /* ProfileViewController.swift */,
			);
			path = Controllers;
			sourceTree = "<group>";
		};
		115F45AC2560764D002260BF /* Views */ = {
			isa = PBXGroup;
			children = (
				115F459D2560746F002260BF /* Main.storyboard */,
				115F45A225607470002260BF /* LaunchScreen.storyboard */,
			);
			path = Views;
			sourceTree = "<group>";
		};
		115F45AD25607654002260BF /* Models */ = {
			isa = PBXGroup;
			children = (
			);
			path = Models;
			sourceTree = "<group>";
		};
		115F45AE2560765E002260BF /* View Models */ = {
			isa = PBXGroup;
			children = (
			);
			path = "View Models";
			sourceTree = "<group>";
		};
		115F45AF25607665002260BF /* Helpers */ = {
			isa = PBXGroup;
			children = (
				115F45BF25609CBC002260BF /* Extensions.swift */,
			);
			path = Helpers;
			sourceTree = "<group>";
		};
		115F45BE25608C6D002260BF /* Authentication */ = {
			isa = PBXGroup;
			children = (
				115F45B025607750002260BF /* LoginViewController.swift */,
				115F45B225607763002260BF /* CreateUserViewController.swift */,
			);
			path = Authentication;
			sourceTree = "<group>";
		};
		63CACA62459BB242C776A16C /* Pods */ = {
			isa = PBXGroup;
			children = (
				6DBB80A339E39CBD12CC44B2 /* Pods-Intercom.debug.xcconfig */,
				8C175CADA30CE29DA1906303 /* Pods-Intercom.release.xcconfig */,
			);
			name = Pods;
			path = Pods;
			sourceTree = "<group>";
		};
		EC51748E458151184FD00961 /* Frameworks */ = {
			isa = PBXGroup;
			children = (
				48F30CE639E088FF56B25BA4 /* Pods_Intercom.framework */,
			);
			name = Frameworks;
			sourceTree = "<group>";
		};
/* End PBXGroup section */

/* Begin PBXNativeTarget section */
		115F45932560746F002260BF /* Intercom */ = {
			isa = PBXNativeTarget;
			buildConfigurationList = 115F45A825607470002260BF /* Build configuration list for PBXNativeTarget "Intercom" */;
			buildPhases = (
				45434C7DADDE1504944990C0 /* [CP] Check Pods Manifest.lock */,
				115F45902560746F002260BF /* Sources */,
				115F45912560746F002260BF /* Frameworks */,
				115F45922560746F002260BF /* Resources */,
				292452A86ACE58F78F956555 /* [CP] Embed Pods Frameworks */,
			);
			buildRules = (
			);
			dependencies = (
			);
			name = Intercom;
			productName = Intercom;
			productReference = 115F45942560746F002260BF /* Intercom.app */;
			productType = "com.apple.product-type.application";
		};
/* End PBXNativeTarget section */

/* Begin PBXProject section */
		115F458C2560746F002260BF /* Project object */ = {
			isa = PBXProject;
			attributes = {
				LastSwiftUpdateCheck = 1200;
				LastUpgradeCheck = 1200;
				TargetAttributes = {
					115F45932560746F002260BF = {
						CreatedOnToolsVersion = 12.0;
					};
				};
			};
			buildConfigurationList = 115F458F2560746F002260BF /* Build configuration list for PBXProject "Intercom" */;
			compatibilityVersion = "Xcode 9.3";
			developmentRegion = en;
			hasScannedForEncodings = 0;
			knownRegions = (
				en,
				Base,
			);
			mainGroup = 115F458B2560746F002260BF;
			productRefGroup = 115F45952560746F002260BF /* Products */;
			projectDirPath = "";
			projectRoot = "";
			targets = (
				115F45932560746F002260BF /* Intercom */,
			);
		};
/* End PBXProject section */

/* Begin PBXResourcesBuildPhase section */
		115F45922560746F002260BF /* Resources */ = {
			isa = PBXResourcesBuildPhase;
			buildActionMask = 2147483647;
			files = (
				115F45A425607470002260BF /* LaunchScreen.storyboard in Resources */,
				115F45A125607470002260BF /* Assets.xcassets in Resources */,
				112BD3AD2561BA84000FBB5A /* GoogleService-Info.plist in Resources */,
				115F459F2560746F002260BF /* Main.storyboard in Resources */,
			);
			runOnlyForDeploymentPostprocessing = 0;
		};
/* End PBXResourcesBuildPhase section */

/* Begin PBXShellScriptBuildPhase section */
		292452A86ACE58F78F956555 /* [CP] Embed Pods Frameworks */ = {
			isa = PBXShellScriptBuildPhase;
			buildActionMask = 2147483647;
			files = (
			);
			inputFileListPaths = (
				"${PODS_ROOT}/Target Support Files/Pods-Intercom/Pods-Intercom-frameworks-${CONFIGURATION}-input-files.xcfilelist",
			);
			name = "[CP] Embed Pods Frameworks";
			outputFileListPaths = (
				"${PODS_ROOT}/Target Support Files/Pods-Intercom/Pods-Intercom-frameworks-${CONFIGURATION}-output-files.xcfilelist",
			);
			runOnlyForDeploymentPostprocessing = 0;
			shellPath = /bin/sh;
			shellScript = "\"${PODS_ROOT}/Target Support Files/Pods-Intercom/Pods-Intercom-frameworks.sh\"\n";
			showEnvVarsInLog = 0;
		};
		45434C7DADDE1504944990C0 /* [CP] Check Pods Manifest.lock */ = {
			isa = PBXShellScriptBuildPhase;
			buildActionMask = 2147483647;
			files = (
			);
			inputFileListPaths = (
			);
			inputPaths = (
				"${PODS_PODFILE_DIR_PATH}/Podfile.lock",
				"${PODS_ROOT}/Manifest.lock",
			);
			name = "[CP] Check Pods Manifest.lock";
			outputFileListPaths = (
			);
			outputPaths = (
				"$(DERIVED_FILE_DIR)/Pods-Intercom-checkManifestLockResult.txt",
			);
			runOnlyForDeploymentPostprocessing = 0;
			shellPath = /bin/sh;
			shellScript = "diff \"${PODS_PODFILE_DIR_PATH}/Podfile.lock\" \"${PODS_ROOT}/Manifest.lock\" > /dev/null\nif [ $? != 0 ] ; then\n    # print error to STDERR\n    echo \"error: The sandbox is not in sync with the Podfile.lock. Run 'pod install' or update your CocoaPods installation.\" >&2\n    exit 1\nfi\n# This output is used by Xcode 'outputs' to avoid re-running this script phase.\necho \"SUCCESS\" > \"${SCRIPT_OUTPUT_FILE_0}\"\n";
			showEnvVarsInLog = 0;
		};
/* End PBXShellScriptBuildPhase section */

/* Begin PBXSourcesBuildPhase section */
		115F45902560746F002260BF /* Sources */ = {
			isa = PBXSourcesBuildPhase;
			buildActionMask = 2147483647;
			files = (
				115F45B125607750002260BF /* LoginViewController.swift in Sources */,
				115F45B325607763002260BF /* CreateUserViewController.swift in Sources */,
				115F45BB256077B3002260BF /* ChatViewController.swift in Sources */,
				115F45B725607787002260BF /* VideoPlayerViewController.swift in Sources */,
				115F45982560746F002260BF /* AppDelegate.swift in Sources */,
				115F45C025609CBC002260BF /* Extensions.swift in Sources */,
				115F459A2560746F002260BF /* SceneDelegate.swift in Sources */,
				115F45BD256077C1002260BF /* ProfileViewController.swift in Sources */,
				115F45B52560777F002260BF /* PhotoViewerViewController.swift in Sources */,
				115F45B925607798002260BF /* NewChatViewController.swift in Sources */,
			);
			runOnlyForDeploymentPostprocessing = 0;
		};
/* End PBXSourcesBuildPhase section */

/* Begin PBXVariantGroup section */
		115F459D2560746F002260BF /* Main.storyboard */ = {
			isa = PBXVariantGroup;
			children = (
				115F459E2560746F002260BF /* Base */,
			);
			name = Main.storyboard;
			sourceTree = "<group>";
		};
		115F45A225607470002260BF /* LaunchScreen.storyboard */ = {
			isa = PBXVariantGroup;
			children = (
				115F45A325607470002260BF /* Base */,
			);
			name = LaunchScreen.storyboard;
			sourceTree = "<group>";
		};
/* End PBXVariantGroup section */

/* Begin XCBuildConfiguration section */
		115F45A625607470002260BF /* Debug */ = {
			isa = XCBuildConfiguration;
			buildSettings = {
				ALWAYS_SEARCH_USER_PATHS = NO;
				CLANG_ANALYZER_NONNULL = YES;
				CLANG_ANALYZER_NUMBER_OBJECT_CONVERSION = YES_AGGRESSIVE;
				CLANG_CXX_LANGUAGE_STANDARD = "gnu++14";
				CLANG_CXX_LIBRARY = "libc++";
				CLANG_ENABLE_MODULES = YES;
				CLANG_ENABLE_OBJC_ARC = YES;
				CLANG_ENABLE_OBJC_WEAK = YES;
				CLANG_WARN_BLOCK_CAPTURE_AUTORELEASING = YES;
				CLANG_WARN_BOOL_CONVERSION = YES;
				CLANG_WARN_COMMA = YES;
				CLANG_WARN_CONSTANT_CONVERSION = YES;
				CLANG_WARN_DEPRECATED_OBJC_IMPLEMENTATIONS = YES;
				CLANG_WARN_DIRECT_OBJC_ISA_USAGE = YES_ERROR;
				CLANG_WARN_DOCUMENTATION_COMMENTS = YES;
				CLANG_WARN_EMPTY_BODY = YES;
				CLANG_WARN_ENUM_CONVERSION = YES;
				CLANG_WARN_INFINITE_RECURSION = YES;
				CLANG_WARN_INT_CONVERSION = YES;
				CLANG_WARN_NON_LITERAL_NULL_CONVERSION = YES;
				CLANG_WARN_OBJC_IMPLICIT_RETAIN_SELF = YES;
				CLANG_WARN_OBJC_LITERAL_CONVERSION = YES;
				CLANG_WARN_OBJC_ROOT_CLASS = YES_ERROR;
				CLANG_WARN_QUOTED_INCLUDE_IN_FRAMEWORK_HEADER = YES;
				CLANG_WARN_RANGE_LOOP_ANALYSIS = YES;
				CLANG_WARN_STRICT_PROTOTYPES = YES;
				CLANG_WARN_SUSPICIOUS_MOVE = YES;
				CLANG_WARN_UNGUARDED_AVAILABILITY = YES_AGGRESSIVE;
				CLANG_WARN_UNREACHABLE_CODE = YES;
				CLANG_WARN__DUPLICATE_METHOD_MATCH = YES;
				COPY_PHASE_STRIP = NO;
				DEBUG_INFORMATION_FORMAT = dwarf;
				ENABLE_STRICT_OBJC_MSGSEND = YES;
				ENABLE_TESTABILITY = YES;
				GCC_C_LANGUAGE_STANDARD = gnu11;
				GCC_DYNAMIC_NO_PIC = NO;
				GCC_NO_COMMON_BLOCKS = YES;
				GCC_OPTIMIZATION_LEVEL = 0;
				GCC_PREPROCESSOR_DEFINITIONS = (
					"DEBUG=1",
					"$(inherited)",
				);
				GCC_WARN_64_TO_32_BIT_CONVERSION = YES;
				GCC_WARN_ABOUT_RETURN_TYPE = YES_ERROR;
				GCC_WARN_UNDECLARED_SELECTOR = YES;
				GCC_WARN_UNINITIALIZED_AUTOS = YES_AGGRESSIVE;
				GCC_WARN_UNUSED_FUNCTION = YES;
				GCC_WARN_UNUSED_VARIABLE = YES;
				IPHONEOS_DEPLOYMENT_TARGET = 14.0;
				MTL_ENABLE_DEBUG_INFO = INCLUDE_SOURCE;
				MTL_FAST_MATH = YES;
				ONLY_ACTIVE_ARCH = YES;
				SDKROOT = iphoneos;
				SWIFT_ACTIVE_COMPILATION_CONDITIONS = DEBUG;
				SWIFT_OPTIMIZATION_LEVEL = "-Onone";
			};
			name = Debug;
		};
		115F45A725607470002260BF /* Release */ = {
			isa = XCBuildConfiguration;
			buildSettings = {
				ALWAYS_SEARCH_USER_PATHS = NO;
				CLANG_ANALYZER_NONNULL = YES;
				CLANG_ANALYZER_NUMBER_OBJECT_CONVERSION = YES_AGGRESSIVE;
				CLANG_CXX_LANGUAGE_STANDARD = "gnu++14";
				CLANG_CXX_LIBRARY = "libc++";
				CLANG_ENABLE_MODULES = YES;
				CLANG_ENABLE_OBJC_ARC = YES;
				CLANG_ENABLE_OBJC_WEAK = YES;
				CLANG_WARN_BLOCK_CAPTURE_AUTORELEASING = YES;
				CLANG_WARN_BOOL_CONVERSION = YES;
				CLANG_WARN_COMMA = YES;
				CLANG_WARN_CONSTANT_CONVERSION = YES;
				CLANG_WARN_DEPRECATED_OBJC_IMPLEMENTATIONS = YES;
				CLANG_WARN_DIRECT_OBJC_ISA_USAGE = YES_ERROR;
				CLANG_WARN_DOCUMENTATION_COMMENTS = YES;
				CLANG_WARN_EMPTY_BODY = YES;
				CLANG_WARN_ENUM_CONVERSION = YES;
				CLANG_WARN_INFINITE_RECURSION = YES;
				CLANG_WARN_INT_CONVERSION = YES;
				CLANG_WARN_NON_LITERAL_NULL_CONVERSION = YES;
				CLANG_WARN_OBJC_IMPLICIT_RETAIN_SELF = YES;
				CLANG_WARN_OBJC_LITERAL_CONVERSION = YES;
				CLANG_WARN_OBJC_ROOT_CLASS = YES_ERROR;
				CLANG_WARN_QUOTED_INCLUDE_IN_FRAMEWORK_HEADER = YES;
				CLANG_WARN_RANGE_LOOP_ANALYSIS = YES;
				CLANG_WARN_STRICT_PROTOTYPES = YES;
				CLANG_WARN_SUSPICIOUS_MOVE = YES;
				CLANG_WARN_UNGUARDED_AVAILABILITY = YES_AGGRESSIVE;
				CLANG_WARN_UNREACHABLE_CODE = YES;
				CLANG_WARN__DUPLICATE_METHOD_MATCH = YES;
				COPY_PHASE_STRIP = NO;
				DEBUG_INFORMATION_FORMAT = "dwarf-with-dsym";
				ENABLE_NS_ASSERTIONS = NO;
				ENABLE_STRICT_OBJC_MSGSEND = YES;
				GCC_C_LANGUAGE_STANDARD = gnu11;
				GCC_NO_COMMON_BLOCKS = YES;
				GCC_WARN_64_TO_32_BIT_CONVERSION = YES;
				GCC_WARN_ABOUT_RETURN_TYPE = YES_ERROR;
				GCC_WARN_UNDECLARED_SELECTOR = YES;
				GCC_WARN_UNINITIALIZED_AUTOS = YES_AGGRESSIVE;
				GCC_WARN_UNUSED_FUNCTION = YES;
				GCC_WARN_UNUSED_VARIABLE = YES;
				IPHONEOS_DEPLOYMENT_TARGET = 14.0;
				MTL_ENABLE_DEBUG_INFO = NO;
				MTL_FAST_MATH = YES;
				SDKROOT = iphoneos;
				SWIFT_COMPILATION_MODE = wholemodule;
				SWIFT_OPTIMIZATION_LEVEL = "-O";
				VALIDATE_PRODUCT = YES;
			};
			name = Release;
		};
		115F45A925607470002260BF /* Debug */ = {
			isa = XCBuildConfiguration;
			baseConfigurationReference = 6DBB80A339E39CBD12CC44B2 /* Pods-Intercom.debug.xcconfig */;
			buildSettings = {
				ASSETCATALOG_COMPILER_APPICON_NAME = AppIcon;
				ASSETCATALOG_COMPILER_GLOBAL_ACCENT_COLOR_NAME = AccentColor;
				CODE_SIGN_STYLE = Automatic;
				DEVELOPMENT_TEAM = G5RHMXS494;
				INFOPLIST_FILE = Intercom/Info.plist;
				IPHONEOS_DEPLOYMENT_TARGET = 13.0;
				LD_RUNPATH_SEARCH_PATHS = (
					"$(inherited)",
					"@executable_path/Frameworks",
				);
				PRODUCT_BUNDLE_IDENTIFIER = com.rdhdapps.Intercom;
				PRODUCT_NAME = "$(TARGET_NAME)";
				SWIFT_VERSION = 5.0;
				TARGETED_DEVICE_FAMILY = "1,2";
			};
			name = Debug;
		};
		115F45AA25607470002260BF /* Release */ = {
			isa = XCBuildConfiguration;
			baseConfigurationReference = 8C175CADA30CE29DA1906303 /* Pods-Intercom.release.xcconfig */;
			buildSettings = {
				ASSETCATALOG_COMPILER_APPICON_NAME = AppIcon;
				ASSETCATALOG_COMPILER_GLOBAL_ACCENT_COLOR_NAME = AccentColor;
				CODE_SIGN_STYLE = Automatic;
				DEVELOPMENT_TEAM = G5RHMXS494;
				INFOPLIST_FILE = Intercom/Info.plist;
				IPHONEOS_DEPLOYMENT_TARGET = 13.0;
				LD_RUNPATH_SEARCH_PATHS = (
					"$(inherited)",
					"@executable_path/Frameworks",
				);
				PRODUCT_BUNDLE_IDENTIFIER = com.rdhdapps.Intercom;
				PRODUCT_NAME = "$(TARGET_NAME)";
				SWIFT_VERSION = 5.0;
				TARGETED_DEVICE_FAMILY = "1,2";
			};
			name = Release;
		};
/* End XCBuildConfiguration section */

/* Begin XCConfigurationList section */
		115F458F2560746F002260BF /* Build configuration list for PBXProject "Intercom" */ = {
			isa = XCConfigurationList;
			buildConfigurations = (
				115F45A625607470002260BF /* Debug */,
				115F45A725607470002260BF /* Release */,
			);
			defaultConfigurationIsVisible = 0;
			defaultConfigurationName = Release;
		};
		115F45A825607470002260BF /* Build configuration list for PBXNativeTarget "Intercom" */ = {
			isa = XCConfigurationList;
			buildConfigurations = (
				115F45A925607470002260BF /* Debug */,
				115F45AA25607470002260BF /* Release */,
			);
			defaultConfigurationIsVisible = 0;
			defaultConfigurationName = Release;
		};
/* End XCConfigurationList section */
	};
	rootObject = 115F458C2560746F002260BF /* Project object */;
}
